<?xml version="1.0" encoding="utf-8"?>
<Project ToolsVersion="4.0" xmlns="http://schemas.microsoft.com/developer/msbuild/2003">
  <ItemGroup>
    <Filter Include="Source Files">
      <UniqueIdentifier>{3ae95f1e-e03d-43b1-9656-4944aa6e5e8a}</UniqueIdentifier>
      <Extensions>cpp;c;cxx;rc;def;r;odl;idl;hpj;bat</Extensions>
    </Filter>
    <Filter Include="Source Files\OpenEXR Source Files">
      <UniqueIdentifier>{23fe3e9c-c23d-4bea-a6b2-544307f246c9}</UniqueIdentifier>
      <Extensions>cpp;c;cxx;rc;def;r;odl;idl;hpj;bat</Extensions>
    </Filter>
    <Filter Include="Source Files\Imath Source Files">
      <UniqueIdentifier>{f0279cc2-1c62-4be4-a7d8-bfa5e405ad91}</UniqueIdentifier>
      <Extensions>cpp;c;cxx;rc;def;r;odl;idl;hpj;bat</Extensions>
    </Filter>
    <Filter Include="Source Files\Iex Source Files">
      <UniqueIdentifier>{bf2e76a7-04e4-4042-be03-7ab100fe2a2c}</UniqueIdentifier>
      <Extensions>cpp;c;cxx;rc;def;r;odl;idl;hpj;bat</Extensions>
    </Filter>
    <Filter Include="Source Files\IlmThread Source Files">
      <UniqueIdentifier>{5968a30f-0820-4196-955e-4580044a3cf9}</UniqueIdentifier>
    </Filter>
    <Filter Include="Header Files">
      <UniqueIdentifier>{90ef9c88-bf45-47bb-a4a8-68764ac65242}</UniqueIdentifier>
      <Extensions>h;hpp;hxx;hm;inl</Extensions>
    </Filter>
    <Filter Include="Header Files\OpenEXR Header Files">
      <UniqueIdentifier>{bd459e90-3dae-4b9b-b5cb-76d2407c0908}</UniqueIdentifier>
      <Extensions>h;hpp;hxx;hm;inl</Extensions>
    </Filter>
    <Filter Include="Header Files\Imath Header Files">
      <UniqueIdentifier>{73a0c0a2-98d5-4aa3-9486-46a9e39ab826}</UniqueIdentifier>
      <Extensions>h;hpp;hxx;hm;inl</Extensions>
    </Filter>
    <Filter Include="Header Files\Iex Header Files">
      <UniqueIdentifier>{2d41389f-a810-4b64-9cbc-279f170f260d}</UniqueIdentifier>
      <Extensions>h;hpp;hxx;hm;inl</Extensions>
    </Filter>
    <Filter Include="Header Files\IlmThread Header Files">
      <UniqueIdentifier>{3f37cb3e-6374-4d66-a36b-f31de14b3b78}</UniqueIdentifier>
    </Filter>
  </ItemGroup>
  <ItemGroup>
    <ClCompile Include="Iex\IexBaseExc.cpp">
      <Filter>Source Files\Iex Source Files</Filter>
    </ClCompile>
    <ClCompile Include="Iex\IexMathFloatExc.cpp">
      <Filter>Source Files\Iex Source Files</Filter>
    </ClCompile>
    <ClCompile Include="Iex\IexMathFpu.cpp">
      <Filter>Source Files\Iex Source Files</Filter>
    </ClCompile>
    <ClCompile Include="Iex\IexThrowErrnoExc.cpp">
      <Filter>Source Files\Iex Source Files</Filter>
    </ClCompile>
    <ClCompile Include="IlmThread\IlmThread.cpp">
      <Filter>Source Files\IlmThread Source Files</Filter>
    </ClCompile>
    <ClCompile Include="IlmThread\IlmThreadPool.cpp">
      <Filter>Source Files\IlmThread Source Files</Filter>
    </ClCompile>
    <ClCompile Include="IlmThread\IlmThreadSemaphore.cpp">
      <Filter>Source Files\IlmThread Source Files</Filter>
    </ClCompile>
    <ClCompile Include="IlmThread\IlmThreadSemaphoreOSX.cpp">
      <Filter>Source Files\IlmThread Source Files</Filter>
    </ClCompile>
    <ClCompile Include="IlmThread\IlmThreadSemaphorePosix.cpp">
      <Filter>Source Files\IlmThread Source Files</Filter>
    </ClCompile>
    <ClCompile Include="IlmThread\IlmThreadSemaphorePosixCompat.cpp">
      <Filter>Source Files\IlmThread Source Files</Filter>
    </ClCompile>
    <ClCompile Include="IlmThread\IlmThreadSemaphoreWin32.cpp">
      <Filter>Source Files\IlmThread Source Files</Filter>
    </ClCompile>
    <ClCompile Include="Imath\half.cpp">
      <Filter>Source Files\Imath Source Files</Filter>
    </ClCompile>
    <ClCompile Include="Imath\ImathColorAlgo.cpp">
      <Filter>Source Files\Imath Source Files</Filter>
    </ClCompile>
    <ClCompile Include="Imath\ImathFun.cpp">
      <Filter>Source Files\Imath Source Files</Filter>
    </ClCompile>
    <ClCompile Include="Imath\ImathMatrixAlgo.cpp">
      <Filter>Source Files\Imath Source Files</Filter>
    </ClCompile>
    <ClCompile Include="Imath\ImathRandom.cpp">
      <Filter>Source Files\Imath Source Files</Filter>
    </ClCompile>
    <ClCompile Include="OpenEXR\ImfAcesFile.cpp">
      <Filter>Source Files\OpenEXR Source Files</Filter>
    </ClCompile>
    <ClCompile Include="OpenEXR\ImfAttribute.cpp">
      <Filter>Source Files\OpenEXR Source Files</Filter>
    </ClCompile>
    <ClCompile Include="OpenEXR\ImfB44Compressor.cpp">
      <Filter>Source Files\OpenEXR Source Files</Filter>
    </ClCompile>
    <ClCompile Include="OpenEXR\ImfBoxAttribute.cpp">
      <Filter>Source Files\OpenEXR Source Files</Filter>
    </ClCompile>
    <ClCompile Include="OpenEXR\ImfChannelList.cpp">
      <Filter>Source Files\OpenEXR Source Files</Filter>
    </ClCompile>
    <ClCompile Include="OpenEXR\ImfChannelListAttribute.cpp">
      <Filter>Source Files\OpenEXR Source Files</Filter>
    </ClCompile>
    <ClCompile Include="OpenEXR\ImfChromaticities.cpp">
      <Filter>Source Files\OpenEXR Source Files</Filter>
    </ClCompile>
    <ClCompile Include="OpenEXR\ImfChromaticitiesAttribute.cpp">
      <Filter>Source Files\OpenEXR Source Files</Filter>
    </ClCompile>
    <ClCompile Include="OpenEXR\ImfCompositeDeepScanLine.cpp">
      <Filter>Source Files\OpenEXR Source Files</Filter>
    </ClCompile>
    <ClCompile Include="OpenEXR\ImfCompressionAttribute.cpp">
      <Filter>Source Files\OpenEXR Source Files</Filter>
    </ClCompile>
    <ClCompile Include="OpenEXR\ImfCompressor.cpp">
      <Filter>Source Files\OpenEXR Source Files</Filter>
    </ClCompile>
    <ClCompile Include="OpenEXR\ImfConvert.cpp">
      <Filter>Source Files\OpenEXR Source Files</Filter>
    </ClCompile>
    <ClCompile Include="OpenEXR\ImfCRgbaFile.cpp">
      <Filter>Source Files\OpenEXR Source Files</Filter>
    </ClCompile>
    <ClCompile Include="OpenEXR\ImfDeepCompositing.cpp">
      <Filter>Source Files\OpenEXR Source Files</Filter>
    </ClCompile>
    <ClCompile Include="OpenEXR\ImfDeepFrameBuffer.cpp">
      <Filter>Source Files\OpenEXR Source Files</Filter>
    </ClCompile>
    <ClCompile Include="OpenEXR\ImfDeepImageStateAttribute.cpp">
      <Filter>Source Files\OpenEXR Source Files</Filter>
    </ClCompile>
    <ClCompile Include="OpenEXR\ImfDeepScanLineInputFile.cpp">
      <Filter>Source Files\OpenEXR Source Files</Filter>
    </ClCompile>
    <ClCompile Include="OpenEXR\ImfDeepScanLineInputPart.cpp">
      <Filter>Source Files\OpenEXR Source Files</Filter>
    </ClCompile>
    <ClCompile Include="OpenEXR\ImfDeepScanLineOutputFile.cpp">
      <Filter>Source Files\OpenEXR Source Files</Filter>
    </ClCompile>
    <ClCompile Include="OpenEXR\ImfDeepScanLineOutputPart.cpp">
      <Filter>Source Files\OpenEXR Source Files</Filter>
    </ClCompile>
    <ClCompile Include="OpenEXR\ImfDeepTiledInputFile.cpp">
      <Filter>Source Files\OpenEXR Source Files</Filter>
    </ClCompile>
    <ClCompile Include="OpenEXR\ImfDeepTiledInputPart.cpp">
      <Filter>Source Files\OpenEXR Source Files</Filter>
    </ClCompile>
    <ClCompile Include="OpenEXR\ImfDeepTiledOutputFile.cpp">
      <Filter>Source Files\OpenEXR Source Files</Filter>
    </ClCompile>
    <ClCompile Include="OpenEXR\ImfDeepTiledOutputPart.cpp">
      <Filter>Source Files\OpenEXR Source Files</Filter>
    </ClCompile>
    <ClCompile Include="OpenEXR\ImfDoubleAttribute.cpp">
      <Filter>Source Files\OpenEXR Source Files</Filter>
    </ClCompile>
    <ClCompile Include="OpenEXR\ImfDwaCompressor.cpp">
      <Filter>Source Files\OpenEXR Source Files</Filter>
    </ClCompile>
    <ClCompile Include="OpenEXR\ImfEnvmap.cpp">
      <Filter>Source Files\OpenEXR Source Files</Filter>
    </ClCompile>
    <ClCompile Include="OpenEXR\ImfEnvmapAttribute.cpp">
      <Filter>Source Files\OpenEXR Source Files</Filter>
    </ClCompile>
    <ClCompile Include="OpenEXR\ImfFastHuf.cpp">
      <Filter>Source Files\OpenEXR Source Files</Filter>
    </ClCompile>
    <ClCompile Include="OpenEXR\ImfFloatAttribute.cpp">
      <Filter>Source Files\OpenEXR Source Files</Filter>
    </ClCompile>
    <ClCompile Include="OpenEXR\ImfFloatVectorAttribute.cpp">
      <Filter>Source Files\OpenEXR Source Files</Filter>
    </ClCompile>
    <ClCompile Include="OpenEXR\ImfFrameBuffer.cpp">
      <Filter>Source Files\OpenEXR Source Files</Filter>
    </ClCompile>
    <ClCompile Include="OpenEXR\ImfFramesPerSecond.cpp">
      <Filter>Source Files\OpenEXR Source Files</Filter>
    </ClCompile>
    <ClCompile Include="OpenEXR\ImfGenericInputFile.cpp">
      <Filter>Source Files\OpenEXR Source Files</Filter>
    </ClCompile>
    <ClCompile Include="OpenEXR\ImfGenericOutputFile.cpp">
      <Filter>Source Files\OpenEXR Source Files</Filter>
    </ClCompile>
    <ClCompile Include="OpenEXR\ImfHeader.cpp">
      <Filter>Source Files\OpenEXR Source Files</Filter>
    </ClCompile>
    <ClCompile Include="OpenEXR\ImfHuf.cpp">
      <Filter>Source Files\OpenEXR Source Files</Filter>
    </ClCompile>
    <ClCompile Include="OpenEXR\ImfIDManifest.cpp">
      <Filter>Source Files\OpenEXR Source Files</Filter>
    </ClCompile>
    <ClCompile Include="OpenEXR\ImfIDManifestAttribute.cpp">
      <Filter>Source Files\OpenEXR Source Files</Filter>
    </ClCompile>
    <ClCompile Include="OpenEXR\ImfInputFile.cpp">
      <Filter>Source Files\OpenEXR Source Files</Filter>
    </ClCompile>
    <ClCompile Include="OpenEXR\ImfInputPart.cpp">
      <Filter>Source Files\OpenEXR Source Files</Filter>
    </ClCompile>
    <ClCompile Include="OpenEXR\ImfInputPartData.cpp">
      <Filter>Source Files\OpenEXR Source Files</Filter>
    </ClCompile>
    <ClCompile Include="OpenEXR\ImfIntAttribute.cpp">
      <Filter>Source Files\OpenEXR Source Files</Filter>
    </ClCompile>
    <ClCompile Include="OpenEXR\ImfIO.cpp">
      <Filter>Source Files\OpenEXR Source Files</Filter>
    </ClCompile>
    <ClCompile Include="OpenEXR\ImfKeyCode.cpp">
      <Filter>Source Files\OpenEXR Source Files</Filter>
    </ClCompile>
    <ClCompile Include="OpenEXR\ImfKeyCodeAttribute.cpp">
      <Filter>Source Files\OpenEXR Source Files</Filter>
    </ClCompile>
    <ClCompile Include="OpenEXR\ImfLineOrderAttribute.cpp">
      <Filter>Source Files\OpenEXR Source Files</Filter>
    </ClCompile>
    <ClCompile Include="OpenEXR\ImfLut.cpp">
      <Filter>Source Files\OpenEXR Source Files</Filter>
    </ClCompile>
    <ClCompile Include="OpenEXR\ImfMatrixAttribute.cpp">
      <Filter>Source Files\OpenEXR Source Files</Filter>
    </ClCompile>
    <ClCompile Include="OpenEXR\ImfMisc.cpp">
      <Filter>Source Files\OpenEXR Source Files</Filter>
    </ClCompile>
    <ClCompile Include="OpenEXR\ImfMultiPartInputFile.cpp">
      <Filter>Source Files\OpenEXR Source Files</Filter>
    </ClCompile>
    <ClCompile Include="OpenEXR\ImfMultiPartOutputFile.cpp">
      <Filter>Source Files\OpenEXR Source Files</Filter>
    </ClCompile>
    <ClCompile Include="OpenEXR\ImfMultiView.cpp">
      <Filter>Source Files\OpenEXR Source Files</Filter>
    </ClCompile>
    <ClCompile Include="OpenEXR\ImfOpaqueAttribute.cpp">
      <Filter>Source Files\OpenEXR Source Files</Filter>
    </ClCompile>
    <ClCompile Include="OpenEXR\ImfOutputFile.cpp">
      <Filter>Source Files\OpenEXR Source Files</Filter>
    </ClCompile>
    <ClCompile Include="OpenEXR\ImfOutputPart.cpp">
      <Filter>Source Files\OpenEXR Source Files</Filter>
    </ClCompile>
    <ClCompile Include="OpenEXR\ImfOutputPartData.cpp">
      <Filter>Source Files\OpenEXR Source Files</Filter>
    </ClCompile>
    <ClCompile Include="OpenEXR\ImfPartType.cpp">
      <Filter>Source Files\OpenEXR Source Files</Filter>
    </ClCompile>
    <ClCompile Include="OpenEXR\ImfPizCompressor.cpp">
      <Filter>Source Files\OpenEXR Source Files</Filter>
    </ClCompile>
    <ClCompile Include="OpenEXR\ImfPreviewImage.cpp">
      <Filter>Source Files\OpenEXR Source Files</Filter>
    </ClCompile>
    <ClCompile Include="OpenEXR\ImfPreviewImageAttribute.cpp">
      <Filter>Source Files\OpenEXR Source Files</Filter>
    </ClCompile>
    <ClCompile Include="OpenEXR\ImfPxr24Compressor.cpp">
      <Filter>Source Files\OpenEXR Source Files</Filter>
    </ClCompile>
    <ClCompile Include="OpenEXR\ImfRational.cpp">
      <Filter>Source Files\OpenEXR Source Files</Filter>
    </ClCompile>
    <ClCompile Include="OpenEXR\ImfRationalAttribute.cpp">
      <Filter>Source Files\OpenEXR Source Files</Filter>
    </ClCompile>
    <ClCompile Include="OpenEXR\ImfRgbaFile.cpp">
      <Filter>Source Files\OpenEXR Source Files</Filter>
    </ClCompile>
    <ClCompile Include="OpenEXR\ImfRgbaYca.cpp">
      <Filter>Source Files\OpenEXR Source Files</Filter>
    </ClCompile>
    <ClCompile Include="OpenEXR\ImfRle.cpp">
      <Filter>Source Files\OpenEXR Source Files</Filter>
    </ClCompile>
    <ClCompile Include="OpenEXR\ImfRleCompressor.cpp">
      <Filter>Source Files\OpenEXR Source Files</Filter>
    </ClCompile>
    <ClCompile Include="OpenEXR\ImfScanLineInputFile.cpp">
      <Filter>Source Files\OpenEXR Source Files</Filter>
    </ClCompile>
    <ClCompile Include="OpenEXR\ImfStandardAttributes.cpp">
      <Filter>Source Files\OpenEXR Source Files</Filter>
    </ClCompile>
    <ClCompile Include="OpenEXR\ImfStdIO.cpp">
      <Filter>Source Files\OpenEXR Source Files</Filter>
    </ClCompile>
    <ClCompile Include="OpenEXR\ImfStringAttribute.cpp">
      <Filter>Source Files\OpenEXR Source Files</Filter>
    </ClCompile>
    <ClCompile Include="OpenEXR\ImfStringVectorAttribute.cpp">
      <Filter>Source Files\OpenEXR Source Files</Filter>
    </ClCompile>
    <ClCompile Include="OpenEXR\ImfSystemSpecific.cpp">
      <Filter>Source Files\OpenEXR Source Files</Filter>
    </ClCompile>
    <ClCompile Include="OpenEXR\ImfTestFile.cpp">
      <Filter>Source Files\OpenEXR Source Files</Filter>
    </ClCompile>
    <ClCompile Include="OpenEXR\ImfThreading.cpp">
      <Filter>Source Files\OpenEXR Source Files</Filter>
    </ClCompile>
    <ClCompile Include="OpenEXR\ImfTileDescriptionAttribute.cpp">
      <Filter>Source Files\OpenEXR Source Files</Filter>
    </ClCompile>
    <ClCompile Include="OpenEXR\ImfTiledInputFile.cpp">
      <Filter>Source Files\OpenEXR Source Files</Filter>
    </ClCompile>
    <ClCompile Include="OpenEXR\ImfTiledInputPart.cpp">
      <Filter>Source Files\OpenEXR Source Files</Filter>
    </ClCompile>
    <ClCompile Include="OpenEXR\ImfTiledMisc.cpp">
      <Filter>Source Files\OpenEXR Source Files</Filter>
    </ClCompile>
    <ClCompile Include="OpenEXR\ImfTiledOutputFile.cpp">
      <Filter>Source Files\OpenEXR Source Files</Filter>
    </ClCompile>
    <ClCompile Include="OpenEXR\ImfTiledOutputPart.cpp">
      <Filter>Source Files\OpenEXR Source Files</Filter>
    </ClCompile>
    <ClCompile Include="OpenEXR\ImfTiledRgbaFile.cpp">
      <Filter>Source Files\OpenEXR Source Files</Filter>
    </ClCompile>
    <ClCompile Include="OpenEXR\ImfTileOffsets.cpp">
      <Filter>Source Files\OpenEXR Source Files</Filter>
    </ClCompile>
    <ClCompile Include="OpenEXR\ImfTimeCode.cpp">
      <Filter>Source Files\OpenEXR Source Files</Filter>
    </ClCompile>
    <ClCompile Include="OpenEXR\ImfTimeCodeAttribute.cpp">
      <Filter>Source Files\OpenEXR Source Files</Filter>
    </ClCompile>
    <ClCompile Include="OpenEXR\ImfVecAttribute.cpp">
      <Filter>Source Files\OpenEXR Source Files</Filter>
    </ClCompile>
    <ClCompile Include="OpenEXR\ImfVersion.cpp">
      <Filter>Source Files\OpenEXR Source Files</Filter>
    </ClCompile>
    <ClCompile Include="OpenEXR\ImfWav.cpp">
      <Filter>Source Files\OpenEXR Source Files</Filter>
    </ClCompile>
    <ClCompile Include="OpenEXR\ImfZip.cpp">
      <Filter>Source Files\OpenEXR Source Files</Filter>
    </ClCompile>
    <ClCompile Include="OpenEXR\ImfZipCompressor.cpp">
      <Filter>Source Files\OpenEXR Source Files</Filter>
    </ClCompile>
  </ItemGroup>
  <ItemGroup>
    <ClInclude Include="IexConfig.h">
      <Filter>Source Files\IexConfig.h Header Files</Filter>
    </ClCompile>
    <ClInclude Include="IexConfigInternal.h">
      <Filter>Source Files\IexConfigInternal.h Header Files</Filter>
    </ClCompile>
    <ClInclude Include="IlmThreadConfig.h">
      <Filter>Source Files\IlmThreadConfig.h Header Files</Filter>
    </ClCompile>
    <ClInclude Include="ImathConfig.h">
      <Filter>Source Files\ImathConfig.h Header Files</Filter>
    </ClCompile>
    <ClInclude Include="OpenEXRConfig.h">
      <Filter>Source Files\OpenEXRConfig.h Header Files</Filter>
    </ClCompile>
    <ClInclude Include="OpenEXRConfigInternal.h">
      <Filter>Source Files\OpenEXRConfigInternal.h Header Files</Filter>
    </ClCompile>
    <ClInclude Include="Iex\Iex.h">
      <Filter>Source Files\Iex Header Files</Filter>
    </ClCompile>
    <ClInclude Include="Iex\IexBaseExc.h">
      <Filter>Source Files\Iex Header Files</Filter>
    </ClCompile>
    <ClInclude Include="Iex\IexErrnoExc.h">
      <Filter>Source Files\Iex Header Files</Filter>
    </ClCompile>
    <ClInclude Include="Iex\IexExport.h">
      <Filter>Source Files\Iex Header Files</Filter>
    </ClCompile>
    <ClInclude Include="Iex\IexForward.h">
      <Filter>Source Files\Iex Header Files</Filter>
    </ClCompile>
    <ClInclude Include="Iex\IexMacros.h">
      <Filter>Source Files\Iex Header Files</Filter>
    </ClCompile>
    <ClInclude Include="Iex\IexMathExc.h">
      <Filter>Source Files\Iex Header Files</Filter>
    </ClCompile>
    <ClInclude Include="Iex\IexMathFloatExc.h">
      <Filter>Source Files\Iex Header Files</Filter>
    </ClCompile>
    <ClInclude Include="Iex\IexMathFpu.h">
      <Filter>Source Files\Iex Header Files</Filter>
    </ClCompile>
    <ClInclude Include="Iex\IexMathIeeeExc.h">
      <Filter>Source Files\Iex Header Files</Filter>
    </ClCompile>
    <ClInclude Include="Iex\IexNamespace.h">
      <Filter>Source Files\Iex Header Files</Filter>
    </ClCompile>
    <ClInclude Include="Iex\IexThrowErrnoExc.h">
      <Filter>Source Files\Iex Header Files</Filter>
    </ClCompile>
    <ClInclude Include="IlmThread\IlmThread.h">
      <Filter>Source Files\IlmThread Header Files</Filter>
    </ClCompile>
    <ClInclude Include="IlmThread\IlmThreadExport.h">
      <Filter>Source Files\IlmThread Header Files</Filter>
    </ClCompile>
    <ClInclude Include="IlmThread\IlmThreadForward.h">
      <Filter>Source Files\IlmThread Header Files</Filter>
    </ClCompile>
    <ClInclude Include="IlmThread\IlmThreadMutex.h">
      <Filter>Source Files\IlmThread Header Files</Filter>
    </ClCompile>
    <ClInclude Include="IlmThread\IlmThreadNamespace.h">
      <Filter>Source Files\IlmThread Header Files</Filter>
    </ClCompile>
    <ClInclude Include="IlmThread\IlmThreadPool.h">
      <Filter>Source Files\IlmThread Header Files</Filter>
    </ClCompile>
    <ClInclude Include="IlmThread\IlmThreadSemaphore.h">
      <Filter>Source Files\IlmThread Header Files</Filter>
    </ClCompile>
    <ClInclude Include="Imath\half.h">
      <Filter>Source Files\Imath Header Files</Filter>
    </ClCompile>
    <ClInclude Include="Imath\halfFunction.h">
      <Filter>Source Files\Imath Header Files</Filter>
    </ClCompile>
    <ClInclude Include="Imath\halfLimits.h">
      <Filter>Source Files\Imath Header Files</Filter>
    </ClCompile>
    <ClInclude Include="Imath\ImathBox.h">
      <Filter>Source Files\Imath Header Files</Filter>
    </ClCompile>
    <ClInclude Include="Imath\ImathBoxAlgo.h">
      <Filter>Source Files\Imath Header Files</Filter>
    </ClCompile>
    <ClInclude Include="Imath\ImathColor.h">
      <Filter>Source Files\Imath Header Files</Filter>
    </ClCompile>
    <ClInclude Include="Imath\ImathColorAlgo.h">
      <Filter>Source Files\Imath Header Files</Filter>
    </ClCompile>
    <ClInclude Include="Imath\ImathEuler.h">
      <Filter>Source Files\Imath Header Files</Filter>
    </ClCompile>
    <ClInclude Include="Imath\ImathExport.h">
      <Filter>Source Files\Imath Header Files</Filter>
    </ClCompile>
    <ClInclude Include="Imath\ImathForward.h">
      <Filter>Source Files\Imath Header Files</Filter>
    </ClCompile>
    <ClInclude Include="Imath\ImathFrame.h">
      <Filter>Source Files\Imath Header Files</Filter>
    </ClCompile>
    <ClInclude Include="Imath\ImathFrustum.h">
      <Filter>Source Files\Imath Header Files</Filter>
    </ClCompile>
    <ClInclude Include="Imath\ImathFrustumTest.h">
      <Filter>Source Files\Imath Header Files</Filter>
    </ClCompile>
    <ClInclude Include="Imath\ImathFun.h">
      <Filter>Source Files\Imath Header Files</Filter>
    </ClCompile>
    <ClInclude Include="Imath\ImathGL.h">
      <Filter>Source Files\Imath Header Files</Filter>
    </ClCompile>
    <ClInclude Include="Imath\ImathGLU.h">
      <Filter>Source Files\Imath Header Files</Filter>
    </ClCompile>
    <ClInclude Include="Imath\ImathInt64.h">
      <Filter>Source Files\Imath Header Files</Filter>
    </ClCompile>
    <ClInclude Include="Imath\ImathInterval.h">
      <Filter>Source Files\Imath Header Files</Filter>
    </ClCompile>
    <ClInclude Include="Imath\ImathLine.h">
      <Filter>Source Files\Imath Header Files</Filter>
    </ClCompile>
    <ClInclude Include="Imath\ImathLineAlgo.h">
      <Filter>Source Files\Imath Header Files</Filter>
    </ClCompile>
    <ClInclude Include="Imath\ImathMath.h">
      <Filter>Source Files\Imath Header Files</Filter>
    </ClCompile>
    <ClInclude Include="Imath\ImathMatrix.h">
      <Filter>Source Files\Imath Header Files</Filter>
    </ClCompile>
    <ClInclude Include="Imath\ImathMatrixAlgo.h">
      <Filter>Source Files\Imath Header Files</Filter>
    </ClCompile>
    <ClInclude Include="Imath\ImathNamespace.h">
      <Filter>Source Files\Imath Header Files</Filter>
    </ClCompile>
    <ClInclude Include="Imath\ImathPlane.h">
      <Filter>Source Files\Imath Header Files</Filter>
    </ClCompile>
    <ClInclude Include="Imath\ImathPlatform.h">
      <Filter>Source Files\Imath Header Files</Filter>
    </ClCompile>
    <ClInclude Include="Imath\ImathQuat.h">
      <Filter>Source Files\Imath Header Files</Filter>
    </ClCompile>
    <ClInclude Include="Imath\ImathRandom.h">
      <Filter>Source Files\Imath Header Files</Filter>
    </ClCompile>
    <ClInclude Include="Imath\ImathRoots.h">
      <Filter>Source Files\Imath Header Files</Filter>
    </ClCompile>
    <ClInclude Include="Imath\ImathShear.h">
      <Filter>Source Files\Imath Header Files</Filter>
    </ClCompile>
    <ClInclude Include="Imath\ImathSphere.h">
      <Filter>Source Files\Imath Header Files</Filter>
    </ClCompile>
    <ClInclude Include="Imath\ImathTypeTraits.h">
      <Filter>Source Files\Imath Header Files</Filter>
    </ClCompile>
    <ClInclude Include="Imath\ImathVec.h">
      <Filter>Source Files\Imath Header Files</Filter>
    </ClCompile>
    <ClInclude Include="Imath\ImathVecAlgo.h">
      <Filter>Source Files\Imath Header Files</Filter>
    </ClCompile>
    <ClInclude Include="Imath\toFloat.h">
      <Filter>Source Files\Imath Header Files</Filter>
    </ClCompile>
    <ClInclude Include="OpenEXR\b44ExpLogTable.h">
      <Filter>Source Files\OpenEXR Header Files</Filter>
    </ClCompile>
    <ClInclude Include="OpenEXR\dwaLookups.h">
      <Filter>Source Files\OpenEXR Header Files</Filter>
    </ClCompile>
    <ClInclude Include="OpenEXR\ImfAcesFile.h">
      <Filter>Source Files\OpenEXR Header Files</Filter>
    </ClCompile>
    <ClInclude Include="OpenEXR\ImfArray.h">
      <Filter>Source Files\OpenEXR Header Files</Filter>
    </ClCompile>
    <ClInclude Include="OpenEXR\ImfAttribute.h">
      <Filter>Source Files\OpenEXR Header Files</Filter>
    </ClCompile>
    <ClInclude Include="OpenEXR\ImfAutoArray.h">
      <Filter>Source Files\OpenEXR Header Files</Filter>
    </ClCompile>
    <ClInclude Include="OpenEXR\ImfB44Compressor.h">
      <Filter>Source Files\OpenEXR Header Files</Filter>
    </ClCompile>
    <ClInclude Include="OpenEXR\ImfBoxAttribute.h">
      <Filter>Source Files\OpenEXR Header Files</Filter>
    </ClCompile>
    <ClInclude Include="OpenEXR\ImfChannelList.h">
      <Filter>Source Files\OpenEXR Header Files</Filter>
    </ClCompile>
    <ClInclude Include="OpenEXR\ImfChannelListAttribute.h">
      <Filter>Source Files\OpenEXR Header Files</Filter>
    </ClCompile>
    <ClInclude Include="OpenEXR\ImfCheckedArithmetic.h">
      <Filter>Source Files\OpenEXR Header Files</Filter>
    </ClCompile>
    <ClInclude Include="OpenEXR\ImfChromaticities.h">
      <Filter>Source Files\OpenEXR Header Files</Filter>
    </ClCompile>
    <ClInclude Include="OpenEXR\ImfChromaticitiesAttribute.h">
      <Filter>Source Files\OpenEXR Header Files</Filter>
    </ClCompile>
    <ClInclude Include="OpenEXR\ImfCompositeDeepScanLine.h">
      <Filter>Source Files\OpenEXR Header Files</Filter>
    </ClCompile>
    <ClInclude Include="OpenEXR\ImfCompression.h">
      <Filter>Source Files\OpenEXR Header Files</Filter>
    </ClCompile>
    <ClInclude Include="OpenEXR\ImfCompressionAttribute.h">
      <Filter>Source Files\OpenEXR Header Files</Filter>
    </ClCompile>
    <ClInclude Include="OpenEXR\ImfCompressor.h">
      <Filter>Source Files\OpenEXR Header Files</Filter>
    </ClCompile>
    <ClInclude Include="OpenEXR\ImfConvert.h">
      <Filter>Source Files\OpenEXR Header Files</Filter>
    </ClCompile>
    <ClInclude Include="OpenEXR\ImfCRgbaFile.h">
      <Filter>Source Files\OpenEXR Header Files</Filter>
    </ClCompile>
    <ClInclude Include="OpenEXR\ImfDeepCompositing.h">
      <Filter>Source Files\OpenEXR Header Files</Filter>
    </ClCompile>
    <ClInclude Include="OpenEXR\ImfDeepFrameBuffer.h">
      <Filter>Source Files\OpenEXR Header Files</Filter>
    </ClCompile>
    <ClInclude Include="OpenEXR\ImfDeepImageState.h">
      <Filter>Source Files\OpenEXR Header Files</Filter>
    </ClCompile>
    <ClInclude Include="OpenEXR\ImfDeepImageStateAttribute.h">
      <Filter>Source Files\OpenEXR Header Files</Filter>
    </ClCompile>
    <ClInclude Include="OpenEXR\ImfDeepScanLineInputFile.h">
      <Filter>Source Files\OpenEXR Header Files</Filter>
    </ClCompile>
    <ClInclude Include="OpenEXR\ImfDeepScanLineInputPart.h">
      <Filter>Source Files\OpenEXR Header Files</Filter>
    </ClCompile>
    <ClInclude Include="OpenEXR\ImfDeepScanLineOutputFile.h">
      <Filter>Source Files\OpenEXR Header Files</Filter>
    </ClCompile>
    <ClInclude Include="OpenEXR\ImfDeepScanLineOutputPart.h">
      <Filter>Source Files\OpenEXR Header Files</Filter>
    </ClCompile>
    <ClInclude Include="OpenEXR\ImfDeepTiledInputFile.h">
      <Filter>Source Files\OpenEXR Header Files</Filter>
    </ClCompile>
    <ClInclude Include="OpenEXR\ImfDeepTiledInputPart.h">
      <Filter>Source Files\OpenEXR Header Files</Filter>
    </ClCompile>
    <ClInclude Include="OpenEXR\ImfDeepTiledOutputFile.h">
      <Filter>Source Files\OpenEXR Header Files</Filter>
    </ClCompile>
    <ClInclude Include="OpenEXR\ImfDeepTiledOutputPart.h">
      <Filter>Source Files\OpenEXR Header Files</Filter>
    </ClCompile>
    <ClInclude Include="OpenEXR\ImfDoubleAttribute.h">
      <Filter>Source Files\OpenEXR Header Files</Filter>
    </ClCompile>
    <ClInclude Include="OpenEXR\ImfDwaCompressor.h">
      <Filter>Source Files\OpenEXR Header Files</Filter>
    </ClCompile>
    <ClInclude Include="OpenEXR\ImfDwaCompressorSimd.h">
      <Filter>Source Files\OpenEXR Header Files</Filter>
    </ClCompile>
    <ClInclude Include="OpenEXR\ImfEnvmap.h">
      <Filter>Source Files\OpenEXR Header Files</Filter>
    </ClCompile>
    <ClInclude Include="OpenEXR\ImfEnvmapAttribute.h">
      <Filter>Source Files\OpenEXR Header Files</Filter>
    </ClCompile>
    <ClInclude Include="OpenEXR\ImfExport.h">
      <Filter>Source Files\OpenEXR Header Files</Filter>
    </ClCompile>
    <ClInclude Include="OpenEXR\ImfFastHuf.h">
      <Filter>Source Files\OpenEXR Header Files</Filter>
    </ClCompile>
    <ClInclude Include="OpenEXR\ImfFloatAttribute.h">
      <Filter>Source Files\OpenEXR Header Files</Filter>
    </ClCompile>
    <ClInclude Include="OpenEXR\ImfFloatVectorAttribute.h">
      <Filter>Source Files\OpenEXR Header Files</Filter>
    </ClCompile>
    <ClInclude Include="OpenEXR\ImfForward.h">
      <Filter>Source Files\OpenEXR Header Files</Filter>
    </ClCompile>
    <ClInclude Include="OpenEXR\ImfFrameBuffer.h">
      <Filter>Source Files\OpenEXR Header Files</Filter>
    </ClCompile>
    <ClInclude Include="OpenEXR\ImfFramesPerSecond.h">
      <Filter>Source Files\OpenEXR Header Files</Filter>
    </ClCompile>
    <ClInclude Include="OpenEXR\ImfGenericInputFile.h">
      <Filter>Source Files\OpenEXR Header Files</Filter>
    </ClCompile>
    <ClInclude Include="OpenEXR\ImfGenericOutputFile.h">
      <Filter>Source Files\OpenEXR Header Files</Filter>
    </ClCompile>
    <ClInclude Include="OpenEXR\ImfHeader.h">
      <Filter>Source Files\OpenEXR Header Files</Filter>
    </ClCompile>
    <ClInclude Include="OpenEXR\ImfHuf.h">
      <Filter>Source Files\OpenEXR Header Files</Filter>
    </ClCompile>
    <ClInclude Include="OpenEXR\ImfIDManifest.h">
      <Filter>Source Files\OpenEXR Header Files</Filter>
    </ClCompile>
    <ClInclude Include="OpenEXR\ImfIDManifestAttribute.h">
      <Filter>Source Files\OpenEXR Header Files</Filter>
    </ClCompile>
    <ClInclude Include="OpenEXR\ImfInputFile.h">
      <Filter>Source Files\OpenEXR Header Files</Filter>
    </ClCompile>
    <ClInclude Include="OpenEXR\ImfInputPart.h">
      <Filter>Source Files\OpenEXR Header Files</Filter>
    </ClCompile>
    <ClInclude Include="OpenEXR\ImfInputPartData.h">
      <Filter>Source Files\OpenEXR Header Files</Filter>
    </ClCompile>
    <ClInclude Include="OpenEXR\ImfInputStreamMutex.h">
      <Filter>Source Files\OpenEXR Header Files</Filter>
    </ClCompile>
    <ClInclude Include="OpenEXR\ImfInt64.h">
      <Filter>Source Files\OpenEXR Header Files</Filter>
    </ClCompile>
    <ClInclude Include="OpenEXR\ImfIntAttribute.h">
      <Filter>Source Files\OpenEXR Header Files</Filter>
    </ClCompile>
    <ClInclude Include="OpenEXR\ImfIO.h">
      <Filter>Source Files\OpenEXR Header Files</Filter>
    </ClCompile>
    <ClInclude Include="OpenEXR\ImfKeyCode.h">
      <Filter>Source Files\OpenEXR Header Files</Filter>
    </ClCompile>
    <ClInclude Include="OpenEXR\ImfKeyCodeAttribute.h">
      <Filter>Source Files\OpenEXR Header Files</Filter>
    </ClCompile>
    <ClInclude Include="OpenEXR\ImfLineOrder.h">
      <Filter>Source Files\OpenEXR Header Files</Filter>
    </ClCompile>
    <ClInclude Include="OpenEXR\ImfLineOrderAttribute.h">
      <Filter>Source Files\OpenEXR Header Files</Filter>
    </ClCompile>
    <ClInclude Include="OpenEXR\ImfLut.h">
      <Filter>Source Files\OpenEXR Header Files</Filter>
    </ClCompile>
    <ClInclude Include="OpenEXR\ImfMatrixAttribute.h">
      <Filter>Source Files\OpenEXR Header Files</Filter>
    </ClCompile>
    <ClInclude Include="OpenEXR\ImfMisc.h">
      <Filter>Source Files\OpenEXR Header Files</Filter>
    </ClCompile>
    <ClInclude Include="OpenEXR\ImfMultiPartInputFile.h">
      <Filter>Source Files\OpenEXR Header Files</Filter>
    </ClCompile>
    <ClInclude Include="OpenEXR\ImfMultiPartOutputFile.h">
      <Filter>Source Files\OpenEXR Header Files</Filter>
    </ClCompile>
    <ClInclude Include="OpenEXR\ImfMultiView.h">
      <Filter>Source Files\OpenEXR Header Files</Filter>
    </ClCompile>
    <ClInclude Include="OpenEXR\ImfName.h">
      <Filter>Source Files\OpenEXR Header Files</Filter>
    </ClCompile>
    <ClInclude Include="OpenEXR\ImfNamespace.h">
      <Filter>Source Files\OpenEXR Header Files</Filter>
    </ClCompile>
    <ClInclude Include="OpenEXR\ImfOpaqueAttribute.h">
      <Filter>Source Files\OpenEXR Header Files</Filter>
    </ClCompile>
    <ClInclude Include="OpenEXR\ImfOptimizedPixelReading.h">
      <Filter>Source Files\OpenEXR Header Files</Filter>
    </ClCompile>
    <ClInclude Include="OpenEXR\ImfOutputFile.h">
      <Filter>Source Files\OpenEXR Header Files</Filter>
    </ClCompile>
    <ClInclude Include="OpenEXR\ImfOutputPart.h">
      <Filter>Source Files\OpenEXR Header Files</Filter>
    </ClCompile>
    <ClInclude Include="OpenEXR\ImfOutputPartData.h">
      <Filter>Source Files\OpenEXR Header Files</Filter>
    </ClCompile>
    <ClInclude Include="OpenEXR\ImfOutputStreamMutex.h">
      <Filter>Source Files\OpenEXR Header Files</Filter>
    </ClCompile>
    <ClInclude Include="OpenEXR\ImfPartHelper.h">
      <Filter>Source Files\OpenEXR Header Files</Filter>
    </ClCompile>
    <ClInclude Include="OpenEXR\ImfPartType.h">
      <Filter>Source Files\OpenEXR Header Files</Filter>
    </ClCompile>
    <ClInclude Include="OpenEXR\ImfPixelType.h">
      <Filter>Source Files\OpenEXR Header Files</Filter>
    </ClCompile>
    <ClInclude Include="OpenEXR\ImfPizCompressor.h">
      <Filter>Source Files\OpenEXR Header Files</Filter>
    </ClCompile>
    <ClInclude Include="OpenEXR\ImfPreviewImage.h">
      <Filter>Source Files\OpenEXR Header Files</Filter>
    </ClCompile>
    <ClInclude Include="OpenEXR\ImfPreviewImageAttribute.h">
      <Filter>Source Files\OpenEXR Header Files</Filter>
    </ClCompile>
    <ClInclude Include="OpenEXR\ImfPxr24Compressor.h">
      <Filter>Source Files\OpenEXR Header Files</Filter>
    </ClCompile>
    <ClInclude Include="OpenEXR\ImfRational.h">
      <Filter>Source Files\OpenEXR Header Files</Filter>
    </ClCompile>
    <ClInclude Include="OpenEXR\ImfRationalAttribute.h">
      <Filter>Source Files\OpenEXR Header Files</Filter>
    </ClCompile>
    <ClInclude Include="OpenEXR\ImfRgba.h">
      <Filter>Source Files\OpenEXR Header Files</Filter>
    </ClCompile>
    <ClInclude Include="OpenEXR\ImfRgbaFile.h">
      <Filter>Source Files\OpenEXR Header Files</Filter>
    </ClCompile>
    <ClInclude Include="OpenEXR\ImfRgbaYca.h">
      <Filter>Source Files\OpenEXR Header Files</Filter>
    </ClCompile>
    <ClInclude Include="OpenEXR\ImfRle.h">
      <Filter>Source Files\OpenEXR Header Files</Filter>
    </ClCompile>
    <ClInclude Include="OpenEXR\ImfRleCompressor.h">
      <Filter>Source Files\OpenEXR Header Files</Filter>
    </ClCompile>
    <ClInclude Include="OpenEXR\ImfScanLineInputFile.h">
      <Filter>Source Files\OpenEXR Header Files</Filter>
    </ClCompile>
    <ClInclude Include="OpenEXR\ImfSimd.h">
      <Filter>Source Files\OpenEXR Header Files</Filter>
    </ClCompile>
    <ClInclude Include="OpenEXR\ImfStandardAttributes.h">
      <Filter>Source Files\OpenEXR Header Files</Filter>
    </ClCompile>
    <ClInclude Include="OpenEXR\ImfStdIO.h">
      <Filter>Source Files\OpenEXR Header Files</Filter>
    </ClCompile>
    <ClInclude Include="OpenEXR\ImfStringAttribute.h">
      <Filter>Source Files\OpenEXR Header Files</Filter>
    </ClCompile>
    <ClInclude Include="OpenEXR\ImfStringVectorAttribute.h">
      <Filter>Source Files\OpenEXR Header Files</Filter>
    </ClCompile>
    <ClInclude Include="OpenEXR\ImfSystemSpecific.h">
      <Filter>Source Files\OpenEXR Header Files</Filter>
    </ClCompile>
    <ClInclude Include="OpenEXR\ImfTestFile.h">
      <Filter>Source Files\OpenEXR Header Files</Filter>
    </ClCompile>
    <ClInclude Include="OpenEXR\ImfThreading.h">
      <Filter>Source Files\OpenEXR Header Files</Filter>
    </ClCompile>
    <ClInclude Include="OpenEXR\ImfTileDescription.h">
      <Filter>Source Files\OpenEXR Header Files</Filter>
    </ClCompile>
    <ClInclude Include="OpenEXR\ImfTileDescriptionAttribute.h">
      <Filter>Source Files\OpenEXR Header Files</Filter>
    </ClCompile>
    <ClInclude Include="OpenEXR\ImfTiledInputFile.h">
      <Filter>Source Files\OpenEXR Header Files</Filter>
    </ClCompile>
    <ClInclude Include="OpenEXR\ImfTiledInputPart.h">
      <Filter>Source Files\OpenEXR Header Files</Filter>
    </ClCompile>
    <ClInclude Include="OpenEXR\ImfTiledMisc.h">
      <Filter>Source Files\OpenEXR Header Files</Filter>
    </ClCompile>
    <ClInclude Include="OpenEXR\ImfTiledOutputFile.h">
      <Filter>Source Files\OpenEXR Header Files</Filter>
    </ClCompile>
    <ClInclude Include="OpenEXR\ImfTiledOutputPart.h">
      <Filter>Source Files\OpenEXR Header Files</Filter>
    </ClCompile>
    <ClInclude Include="OpenEXR\ImfTiledRgbaFile.h">
      <Filter>Source Files\OpenEXR Header Files</Filter>
    </ClCompile>
    <ClInclude Include="OpenEXR\ImfTileOffsets.h">
      <Filter>Source Files\OpenEXR Header Files</Filter>
    </ClCompile>
    <ClInclude Include="OpenEXR\ImfTimeCode.h">
      <Filter>Source Files\OpenEXR Header Files</Filter>
    </ClCompile>
    <ClInclude Include="OpenEXR\ImfTimeCodeAttribute.h">
      <Filter>Source Files\OpenEXR Header Files</Filter>
    </ClCompile>
    <ClInclude Include="OpenEXR\ImfVecAttribute.h">
      <Filter>Source Files\OpenEXR Header Files</Filter>
    </ClCompile>
    <ClInclude Include="OpenEXR\ImfVersion.h">
      <Filter>Source Files\OpenEXR Header Files</Filter>
    </ClCompile>
    <ClInclude Include="OpenEXR\ImfWav.h">
      <Filter>Source Files\OpenEXR Header Files</Filter>
    </ClCompile>
    <ClInclude Include="OpenEXR\ImfXdr.h">
      <Filter>Source Files\OpenEXR Header Files</Filter>
    </ClCompile>
    <ClInclude Include="OpenEXR\ImfZip.h">
      <Filter>Source Files\OpenEXR Header Files</Filter>
    </ClCompile>
    <ClInclude Include="OpenEXR\ImfZipCompressor.h">
      <Filter>Source Files\OpenEXR Header Files</Filter>
    </ClCompile>
  </ItemGroup>
</Project>